
Microsoft Visual Studio Solution File, Format Version 12.00
# Visual Studio Version 17
VisualStudioVersion = 17.7.34024.191
MinimumVisualStudioVersion = 10.0.40219.1
Project("{FAE04EC0-301F-11D3-BF4B-00C04F79EFBC}") = "Ejercicio SuperStart", "Ejercicio SuperStart\Ejercicio SuperStart.csproj", "{BB111B13-DDDF-460A-A714-9EE5E4A7C357}"
EndProject
Global
	GlobalSection(SolutionConfigurationPlatforms) = preSolution
		Debug|Any CPU = Debug|Any CPU
		Release|Any CPU = Release|Any CPU
	EndGlobalSection
	GlobalSection(ProjectConfigurationPlatforms) = postSolution
		{BB111B13-DDDF-460A-A714-9EE5E4A7C357}.Debug|Any CPU.ActiveCfg = Debug|Any CPU
		{BB111B13-DDDF-460A-A714-9EE5E4A7C357}.Debug|Any CPU.Build.0 = Debug|Any CPU
		{BB111B13-DDDF-460A-A714-9EE5E4A7C357}.Release|Any CPU.ActiveCfg = Release|Any CPU
		{BB111B13-DDDF-460A-A714-9EE5E4A7C357}.Release|Any CPU.Build.0 = Release|Any CPU
	EndGlobalSection
	GlobalSection(SolutionProperties) = preSolution
		HideSolutionNode = FALSE
	EndGlobalSection
	GlobalSection(ExtensibilityGlobals) = postSolution
		SolutionGuid = {7D8654B5-937C-4794-8E4D-0F024C2C4F8A}
	EndGlobalSection
EndGlobal
